<?xml version="1.0" encoding="utf-8"?>
<Project ToolsVersion="4.0" xmlns="http://schemas.microsoft.com/developer/msbuild/2003">
  <ItemGroup>
    <Filter Include="Header Files">
      <UniqueIdentifier>{e850f24d-093f-4c30-a99c-413a7dfa71b8}</UniqueIdentifier>
    </Filter>
    <Filter Include="Resource Files">
      <UniqueIdentifier>{f18cd969-acc3-480c-9147-ea3ae1c8ba92}</UniqueIdentifier>
    </Filter>
    <Filter Include="Source Files">
      <UniqueIdentifier>{bdd0568e-d423-4fcc-affe-6ba0c2a40f78}</UniqueIdentifier>
    </Filter>
    <Filter Include="Source Files\cipher">
      <UniqueIdentifier>{7b7e8c75-93bd-4d77-a766-7f2b4b9dbd18}</UniqueIdentifier>
    </Filter>
    <Filter Include="Source Files\src">
      <UniqueIdentifier>{c14ad222-0acb-43f0-80b8-09be7ed6ed34}</UniqueIdentifier>
    </Filter>
    <Filter Include="Header Files\src">
      <UniqueIdentifier>{daea8296-dba2-4904-9e81-30aa2c5e56ba}</UniqueIdentifier>
    </Filter>
    <Filter Include="Header Files\cipher">
      <UniqueIdentifier>{69b0c084-0fb7-439e-8da9-7448c1516b09}</UniqueIdentifier>
    </Filter>
    <Filter Include="Source Files\compat">
      <UniqueIdentifier>{f0e53e0b-2ae0-4ab6-9f07-c4915ef30413}</UniqueIdentifier>
    </Filter>
    <Filter Include="Header Files\compat">
      <UniqueIdentifier>{3e0cc90c-abc8-423d-9f9e-03ff31412859}</UniqueIdentifier>
    </Filter>
    <Filter Include="Source Files\mpi">
      <UniqueIdentifier>{bf6f16cb-855f-4020-9485-a18cc1148dd5}</UniqueIdentifier>
    </Filter>
    <Filter Include="Header Files\mpi">
      <UniqueIdentifier>{54a26d60-fce6-4bda-8401-67fe803a282c}</UniqueIdentifier>
    </Filter>
    <Filter Include="Source Files\random">
      <UniqueIdentifier>{a738545e-047c-408f-b69a-8a670733ece9}</UniqueIdentifier>
    </Filter>
    <Filter Include="Header Files\random">
      <UniqueIdentifier>{4b2d06ae-cab4-4593-b79e-f0de389dc877}</UniqueIdentifier>
    </Filter>
  </ItemGroup>
  <ItemGroup>
    <ClInclude Include="config.h">
      <Filter>Header Files</Filter>
    </ClInclude>
    <ClInclude Include="..\src\cipher.h">
      <Filter>Header Files\src</Filter>
    </ClInclude>
    <ClInclude Include="..\src\cipher-proto.h">
      <Filter>Header Files\src</Filter>
    </ClInclude>
    <ClInclude Include="..\src\context.h">
      <Filter>Header Files\src</Filter>
    </ClInclude>
    <ClInclude Include="..\src\ec-context.h">
      <Filter>Header Files\src</Filter>
    </ClInclude>
    <ClInclude Include="..\src\g10lib.h">
      <Filter>Header Files\src</Filter>
    </ClInclude>
    <ClInclude Include="..\src\gcrypt-int.h">
      <Filter>Header Files\src</Filter>
    </ClInclude>
    <ClInclude Include="..\src\hmac256.h">
      <Filter>Header Files\src</Filter>
    </ClInclude>
    <ClInclude Include="..\src\hwf-common.h">
      <Filter>Header Files\src</Filter>
    </ClInclude>
    <ClInclude Include="..\src\mpi.h">
      <Filter>Header Files\src</Filter>
    </ClInclude>
    <ClInclude Include="..\src\secmem.h">
      <Filter>Header Files\src</Filter>
    </ClInclude>
    <ClInclude Include="..\src\stdmem.h">
      <Filter>Header Files\src</Filter>
    </ClInclude>
    <ClInclude Include="..\src\types.h">
      <Filter>Header Files\src</Filter>
    </ClInclude>
    <ClInclude Include="..\src\visibility.h">
      <Filter>Header Files\src</Filter>
    </ClInclude>
    <ClInclude Include="..\cipher\bithelp.h">
      <Filter>Header Files\cipher</Filter>
    </ClInclude>
    <ClInclude Include="..\cipher\bufhelp.h">
      <Filter>Header Files\cipher</Filter>
    </ClInclude>
    <ClInclude Include="..\cipher\cipher-internal.h">
      <Filter>Header Files\cipher</Filter>
    </ClInclude>
    <ClInclude Include="..\cipher\cipher-selftest.h">
      <Filter>Header Files\cipher</Filter>
    </ClInclude>
    <ClInclude Include="..\cipher\hash-common.h">
      <Filter>Header Files\cipher</Filter>
    </ClInclude>
    <ClInclude Include="..\cipher\kdf-internal.h">
      <Filter>Header Files\cipher</Filter>
    </ClInclude>
    <ClInclude Include="..\cipher\mac-internal.h">
      <Filter>Header Files\cipher</Filter>
    </ClInclude>
    <ClInclude Include="..\cipher\pubkey-internal.h">
      <Filter>Header Files\cipher</Filter>
    </ClInclude>
    <ClInclude Include="..\cipher\camellia.h">
      <Filter>Header Files\cipher</Filter>
    </ClInclude>
    <ClInclude Include="..\cipher\ecc-common.h">
      <Filter>Header Files\cipher</Filter>
    </ClInclude>
    <ClInclude Include="..\cipher\gost.h">
      <Filter>Header Files\cipher</Filter>
    </ClInclude>
    <ClInclude Include="..\cipher\rijndael-tables.h">
      <Filter>Header Files\cipher</Filter>
    </ClInclude>
    <ClInclude Include="..\compat\libcompat.h">
      <Filter>Header Files\compat</Filter>
    </ClInclude>
    <ClInclude Include="..\mpi\ec-internal.h">
      <Filter>Header Files\mpi</Filter>
    </ClInclude>
    <ClInclude Include="..\mpi\longlong.h">
      <Filter>Header Files\mpi</Filter>
    </ClInclude>
    <ClInclude Include="..\mpi\mpi-inline.h">
      <Filter>Header Files\mpi</Filter>
    </ClInclude>
    <ClInclude Include="..\mpi\mpi-internal.h">
      <Filter>Header Files\mpi</Filter>
    </ClInclude>
    <ClInclude Include="..\mpi\generic\mpi-asm-defs.h">
      <Filter>Header Files\mpi</Filter>
    </ClInclude>
    <ClInclude Include="..\random\random.h">
      <Filter>Header Files\random</Filter>
    </ClInclude>
    <ClInclude Include="..\random\rand-internal.h">
      <Filter>Header Files\random</Filter>
    </ClInclude>
    <ClInclude Include="gcrypt.h">
      <Filter>Header Files</Filter>
    </ClInclude>
    <ClInclude Include="version.h">
      <Filter>Header Files</Filter>
    </ClInclude>
    <ClInclude Include="mpi\mod-source-info.h">
      <Filter>Header Files</Filter>
    </ClInclude>
    <ClInclude Include="mpi\mpi-asm-defs.h">
      <Filter>Header Files</Filter>
    </ClInclude>
    <ClInclude Include="mpi\sysdep.h">
      <Filter>Header Files</Filter>
    </ClInclude>
    <ClInclude Include="mpi\asm-syntax.h">
      <Filter>Header Files</Filter>
    </ClInclude>
    <ClInclude Include="..\cipher\keccak_permute_32.h">
      <Filter>Header Files\cipher</Filter>
    </ClInclude>
    <ClInclude Include="..\cipher\keccak_permute_64.h">
      <Filter>Header Files\cipher</Filter>
    </ClInclude>
    <ClInclude Include="..\cipher\poly1305-internal.h">
      <Filter>Header Files\cipher</Filter>
    </ClInclude>
    <ClInclude Include="..\cipher\rijndael-internal.h">
      <Filter>Header Files\cipher</Filter>
    </ClInclude>
    <ClInclude Include="..\cipher\sha1.h">
      <Filter>Header Files\cipher</Filter>
    </ClInclude>
  </ItemGroup>
  <ItemGroup>
    <ClCompile Include="..\src\context.c">
      <Filter>Source Files\src</Filter>
    </ClCompile>
    <ClCompile Include="..\src\fips.c">
      <Filter>Source Files\src</Filter>
    </ClCompile>
    <ClCompile Include="..\src\global.c">
      <Filter>Source Files\src</Filter>
    </ClCompile>
    <ClCompile Include="..\src\hmac256.c">
      <Filter>Source Files\src</Filter>
    </ClCompile>
    <ClCompile Include="..\src\hwfeatures.c">
      <Filter>Source Files\src</Filter>
    </ClCompile>
    <ClCompile Include="..\src\misc.c">
      <Filter>Source Files\src</Filter>
    </ClCompile>
    <ClCompile Include="..\src\missing-string.c">
      <Filter>Source Files\src</Filter>
    </ClCompile>
    <ClCompile Include="..\src\secmem.c">
      <Filter>Source Files\src</Filter>
    </ClCompile>
    <ClCompile Include="..\src\sexp.c">
      <Filter>Source Files\src</Filter>
    </ClCompile>
    <ClCompile Include="..\src\stdmem.c">
      <Filter>Source Files\src</Filter>
    </ClCompile>
    <ClCompile Include="..\src\visibility.c">
      <Filter>Source Files\src</Filter>
    </ClCompile>
    <ClCompile Include="..\src\hwf-x86.c">
      <Filter>Source Files\src</Filter>
    </ClCompile>
    <ClCompile Include="..\cipher\pubkey-util.c">
      <Filter>Source Files\cipher</Filter>
    </ClCompile>
    <ClCompile Include="..\cipher\rsa-common.c">
      <Filter>Source Files\cipher</Filter>
    </ClCompile>
    <ClCompile Include="..\cipher\cipher.c">
      <Filter>Source Files\cipher</Filter>
    </ClCompile>
    <ClCompile Include="..\cipher\cipher-aeswrap.c">
      <Filter>Source Files\cipher</Filter>
    </ClCompile>
    <ClCompile Include="..\cipher\cipher-cbc.c">
      <Filter>Source Files\cipher</Filter>
    </ClCompile>
    <ClCompile Include="..\cipher\cipher-ccm.c">
      <Filter>Source Files\cipher</Filter>
    </ClCompile>
    <ClCompile Include="..\cipher\cipher-cfb.c">
      <Filter>Source Files\cipher</Filter>
    </ClCompile>
    <ClCompile Include="..\cipher\cipher-cmac.c">
      <Filter>Source Files\cipher</Filter>
    </ClCompile>
    <ClCompile Include="..\cipher\cipher-ctr.c">
      <Filter>Source Files\cipher</Filter>
    </ClCompile>
    <ClCompile Include="..\cipher\cipher-gcm.c">
      <Filter>Source Files\cipher</Filter>
    </ClCompile>
    <ClCompile Include="..\cipher\cipher-ofb.c">
      <Filter>Source Files\cipher</Filter>
    </ClCompile>
    <ClCompile Include="..\cipher\cipher-selftest.c">
      <Filter>Source Files\cipher</Filter>
    </ClCompile>
    <ClCompile Include="..\cipher\dsa-common.c">
      <Filter>Source Files\cipher</Filter>
    </ClCompile>
    <ClCompile Include="..\cipher\hash-common.c">
      <Filter>Source Files\cipher</Filter>
    </ClCompile>
    <ClCompile Include="..\cipher\hmac-tests.c">
      <Filter>Source Files\cipher</Filter>
    </ClCompile>
    <ClCompile Include="..\cipher\kdf.c">
      <Filter>Source Files\cipher</Filter>
    </ClCompile>
    <ClCompile Include="..\cipher\mac.c">
      <Filter>Source Files\cipher</Filter>
    </ClCompile>
    <ClCompile Include="..\cipher\mac-cmac.c">
      <Filter>Source Files\cipher</Filter>
    </ClCompile>
    <ClCompile Include="..\cipher\mac-gmac.c">
      <Filter>Source Files\cipher</Filter>
    </ClCompile>
    <ClCompile Include="..\cipher\mac-hmac.c">
      <Filter>Source Files\cipher</Filter>
    </ClCompile>
    <ClCompile Include="..\cipher\md.c">
      <Filter>Source Files\cipher</Filter>
    </ClCompile>
    <ClCompile Include="..\cipher\primegen.c">
      <Filter>Source Files\cipher</Filter>
    </ClCompile>
    <ClCompile Include="..\cipher\pubkey.c">
      <Filter>Source Files\cipher</Filter>
    </ClCompile>
    <ClCompile Include="..\cipher\arcfour.c">
      <Filter>Source Files\cipher</Filter>
    </ClCompile>
    <ClCompile Include="..\cipher\blowfish.c">
      <Filter>Source Files\cipher</Filter>
    </ClCompile>
    <ClCompile Include="..\cipher\camellia.c">
      <Filter>Source Files\cipher</Filter>
    </ClCompile>
    <ClCompile Include="..\cipher\camellia-glue.c">
      <Filter>Source Files\cipher</Filter>
    </ClCompile>
    <ClCompile Include="..\cipher\cast5.c">
      <Filter>Source Files\cipher</Filter>
    </ClCompile>
    <ClCompile Include="..\cipher\crc.c">
      <Filter>Source Files\cipher</Filter>
    </ClCompile>
    <ClCompile Include="..\cipher\des.c">
      <Filter>Source Files\cipher</Filter>
    </ClCompile>
    <ClCompile Include="..\cipher\dsa.c">
      <Filter>Source Files\cipher</Filter>
    </ClCompile>
    <ClCompile Include="..\cipher\ecc.c">
      <Filter>Source Files\cipher</Filter>
    </ClCompile>
    <ClCompile Include="..\cipher\ecc-curves.c">
      <Filter>Source Files\cipher</Filter>
    </ClCompile>
    <ClCompile Include="..\cipher\ecc-ecdsa.c">
      <Filter>Source Files\cipher</Filter>
    </ClCompile>
    <ClCompile Include="..\cipher\ecc-eddsa.c">
      <Filter>Source Files\cipher</Filter>
    </ClCompile>
    <ClCompile Include="..\cipher\ecc-gost.c">
      <Filter>Source Files\cipher</Filter>
    </ClCompile>
    <ClCompile Include="..\cipher\ecc-misc.c">
      <Filter>Source Files\cipher</Filter>
    </ClCompile>
    <ClCompile Include="..\cipher\elgamal.c">
      <Filter>Source Files\cipher</Filter>
    </ClCompile>
    <ClCompile Include="..\cipher\gost28147.c">
      <Filter>Source Files\cipher</Filter>
    </ClCompile>
    <ClCompile Include="..\cipher\gostr3411-94.c">
      <Filter>Source Files\cipher</Filter>
    </ClCompile>
    <ClCompile Include="..\cipher\idea.c">
      <Filter>Source Files\cipher</Filter>
    </ClCompile>
    <ClCompile Include="..\cipher\md4.c">
      <Filter>Source Files\cipher</Filter>
    </ClCompile>
    <ClCompile Include="..\cipher\md5.c">
      <Filter>Source Files\cipher</Filter>
    </ClCompile>
    <ClCompile Include="..\cipher\rfc2268.c">
      <Filter>Source Files\cipher</Filter>
    </ClCompile>
    <ClCompile Include="..\cipher\rijndael.c">
      <Filter>Source Files\cipher</Filter>
    </ClCompile>
    <ClCompile Include="..\cipher\rmd160.c">
      <Filter>Source Files\cipher</Filter>
    </ClCompile>
    <ClCompile Include="..\cipher\rsa.c">
      <Filter>Source Files\cipher</Filter>
    </ClCompile>
    <ClCompile Include="..\cipher\salsa20.c">
      <Filter>Source Files\cipher</Filter>
    </ClCompile>
    <ClCompile Include="..\cipher\scrypt.c">
      <Filter>Source Files\cipher</Filter>
    </ClCompile>
    <ClCompile Include="..\cipher\seed.c">
      <Filter>Source Files\cipher</Filter>
    </ClCompile>
    <ClCompile Include="..\cipher\serpent.c">
      <Filter>Source Files\cipher</Filter>
    </ClCompile>
    <ClCompile Include="..\cipher\sha1.c">
      <Filter>Source Files\cipher</Filter>
    </ClCompile>
    <ClCompile Include="..\cipher\sha256.c">
      <Filter>Source Files\cipher</Filter>
    </ClCompile>
    <ClCompile Include="..\cipher\sha512.c">
      <Filter>Source Files\cipher</Filter>
    </ClCompile>
    <ClCompile Include="..\cipher\stribog.c">
      <Filter>Source Files\cipher</Filter>
    </ClCompile>
    <ClCompile Include="..\cipher\tiger.c">
      <Filter>Source Files\cipher</Filter>
    </ClCompile>
    <ClCompile Include="..\cipher\twofish.c">
      <Filter>Source Files\cipher</Filter>
    </ClCompile>
    <ClCompile Include="..\cipher\whirlpool.c">
      <Filter>Source Files\cipher</Filter>
    </ClCompile>
    <ClCompile Include="..\compat\compat.c">
      <Filter>Source Files\compat</Filter>
    </ClCompile>
    <ClCompile Include="..\mpi\ec.c">
      <Filter>Source Files\mpi</Filter>
    </ClCompile>
    <ClCompile Include="..\mpi\ec-ed25519.c">
      <Filter>Source Files\mpi</Filter>
    </ClCompile>
    <ClCompile Include="..\mpi\mpi-add.c">
      <Filter>Source Files\mpi</Filter>
    </ClCompile>
    <ClCompile Include="..\mpi\mpi-bit.c">
      <Filter>Source Files\mpi</Filter>
    </ClCompile>
    <ClCompile Include="..\mpi\mpi-cmp.c">
      <Filter>Source Files\mpi</Filter>
    </ClCompile>
    <ClCompile Include="..\mpi\mpicoder.c">
      <Filter>Source Files\mpi</Filter>
    </ClCompile>
    <ClCompile Include="..\mpi\mpi-div.c">
      <Filter>Source Files\mpi</Filter>
    </ClCompile>
    <ClCompile Include="..\mpi\mpi-gcd.c">
      <Filter>Source Files\mpi</Filter>
    </ClCompile>
    <ClCompile Include="..\mpi\mpih-div.c">
      <Filter>Source Files\mpi</Filter>
    </ClCompile>
    <ClCompile Include="..\mpi\mpih-mul.c">
      <Filter>Source Files\mpi</Filter>
    </ClCompile>
    <ClCompile Include="..\mpi\mpi-inline.c">
      <Filter>Source Files\mpi</Filter>
    </ClCompile>
    <ClCompile Include="..\mpi\mpi-inv.c">
      <Filter>Source Files\mpi</Filter>
    </ClCompile>
    <ClCompile Include="..\mpi\mpi-mod.c">
      <Filter>Source Files\mpi</Filter>
    </ClCompile>
    <ClCompile Include="..\mpi\mpi-mpow.c">
      <Filter>Source Files\mpi</Filter>
    </ClCompile>
    <ClCompile Include="..\mpi\mpi-mul.c">
      <Filter>Source Files\mpi</Filter>
    </ClCompile>
    <ClCompile Include="..\mpi\mpi-pow.c">
      <Filter>Source Files\mpi</Filter>
    </ClCompile>
    <ClCompile Include="..\mpi\mpi-scan.c">
      <Filter>Source Files\mpi</Filter>
    </ClCompile>
    <ClCompile Include="..\mpi\mpiutil.c">
      <Filter>Source Files\mpi</Filter>
    </ClCompile>
    <ClCompile Include="..\mpi\generic\mpih-sub1.c">
      <Filter>Source Files\mpi</Filter>
    </ClCompile>
    <ClCompile Include="..\mpi\generic\mpih-add1.c">
      <Filter>Source Files\mpi</Filter>
    </ClCompile>
    <ClCompile Include="..\mpi\generic\mpih-lshift.c">
      <Filter>Source Files\mpi</Filter>
    </ClCompile>
    <ClCompile Include="..\mpi\generic\mpih-mul1.c">
      <Filter>Source Files\mpi</Filter>
    </ClCompile>
    <ClCompile Include="..\mpi\generic\mpih-mul2.c">
      <Filter>Source Files\mpi</Filter>
    </ClCompile>
    <ClCompile Include="..\mpi\generic\mpih-mul3.c">
      <Filter>Source Files\mpi</Filter>
    </ClCompile>
    <ClCompile Include="..\mpi\generic\mpih-rshift.c">
      <Filter>Source Files\mpi</Filter>
    </ClCompile>
    <ClCompile Include="..\random\random-system.c">
      <Filter>Source Files\random</Filter>
    </ClCompile>
    <ClCompile Include="..\random\rndhw.c">
      <Filter>Source Files\random</Filter>
    </ClCompile>
    <ClCompile Include="..\random\rndw32.c">
      <Filter>Source Files\random</Filter>
    </ClCompile>
    <ClCompile Include="..\random\random.c">
      <Filter>Source Files\random</Filter>
    </ClCompile>
    <ClCompile Include="..\random\random-csprng.c">
      <Filter>Source Files\random</Filter>
    </ClCompile>
    <ClCompile Include="..\cipher\mac-poly1305.c">
      <Filter>Source Files\cipher</Filter>
    </ClCompile>
    <ClCompile Include="..\cipher\poly1305.c">
      <Filter>Source Files\cipher</Filter>
    </ClCompile>
    <ClCompile Include="..\cipher\rijndael-aesni.c">
      <Filter>Source Files\cipher</Filter>
    </ClCompile>
    <ClCompile Include="..\cipher\rijndael-padlock.c">
      <Filter>Source Files\cipher</Filter>
    </ClCompile>
    <ClCompile Include="..\cipher\rijndael-ssse3-amd64.c">
      <Filter>Source Files\cipher</Filter>
    </ClCompile>
    <ClCompile Include="..\cipher\chacha20.c">
      <Filter>Source Files\cipher</Filter>
    </ClCompile>
    <ClCompile Include="..\cipher\cipher-gcm-intel-pclmul.c">
      <Filter>Source Files\cipher</Filter>
    </ClCompile>
    <ClCompile Include="..\cipher\cipher-ocb.c">
      <Filter>Source Files\cipher</Filter>
    </ClCompile>
    <ClCompile Include="..\cipher\cipher-poly1305.c">
      <Filter>Source Files\cipher</Filter>
    </ClCompile>
    <ClCompile Include="..\cipher\crc-intel-pclmul.c">
      <Filter>Source Files\cipher</Filter>
    </ClCompile>
    <ClCompile Include="..\cipher\keccak.c">
      <Filter>Source Files\cipher</Filter>
    </ClCompile>
    <ClCompile Include="..\random\random-drbg.c">
      <Filter>Source Files\random</Filter>
    </ClCompile>
    <ClCompile Include="..\cipher\blake2.c">
      <Filter>Source Files\cipher</Filter>
    </ClCompile>
    <ClCompile Include="..\cipher\cipher-xts.c">
      <Filter>Source Files\cipher</Filter>
    </ClCompile>
    <ClCompile Include="..\random\rndjent.c">
      <Filter>Source Files\random</Filter>
    </ClCompile>
    <ClCompile Include="..\random\rndw32uwp.cpp">
      <Filter>Source Files\random</Filter>
    </ClCompile>
  </ItemGroup>
  <ItemGroup>
    <ResourceCompile Include="versioninfo.rc">
      <Filter>Resource Files</Filter>
    </ResourceCompile>
  </ItemGroup>
  <ItemGroup>
    <None Include="..\src\libgcrypt.def">
      <Filter>Resource Files</Filter>
    </None>
  </ItemGroup>
</Project>